
Microsoft Visual Studio Solution File, Format Version 12.00
# Visual Studio Version 17
VisualStudioVersion = 17.2.32630.192
MinimumVisualStudioVersion = 10.0.40219.1
Project("{FAE04EC0-301F-11D3-BF4B-00C04F79EFBC}") = "gitwebapptest", "gitwebapptest\gitwebapptest.csproj", "{C957C9E9-2639-4F43-9767-26CA8BF586CA}"
EndProject
Global
	GlobalSection(SolutionConfigurationPlatforms) = preSolution
		Debug|Any CPU = Debug|Any CPU
		Release|Any CPU = Release|Any CPU
	EndGlobalSection
	GlobalSection(ProjectConfigurationPlatforms) = postSolution
		{C957C9E9-2639-4F43-9767-26CA8BF586CA}.Debug|Any CPU.ActiveCfg = Debug|Any CPU
		{C957C9E9-2639-4F43-9767-26CA8BF586CA}.Debug|Any CPU.Build.0 = Debug|Any CPU
		{C957C9E9-2639-4F43-9767-26CA8BF586CA}.Release|Any CPU.ActiveCfg = Release|Any CPU
		{C957C9E9-2639-4F43-9767-26CA8BF586CA}.Release|Any CPU.Build.0 = Release|Any CPU
	EndGlobalSection
	GlobalSection(SolutionProperties) = preSolution
		HideSolutionNode = FALSE
	EndGlobalSection
	GlobalSection(ExtensibilityGlobals) = postSolution
		SolutionGuid = {F145B15B-419A-4BC7-AC1C-A9A6A7D6952E}
	EndGlobalSection
EndGlobal
